
Microsoft Visual Studio Solution File, Format Version 12.00
# Visual Studio Version 17
VisualStudioVersion = 17.5.33502.453
MinimumVisualStudioVersion = 10.0.40219.1
Project("{2150E333-8FDC-42A3-9474-1A3956D46DE8}") = "src", "src", "{C6CAC5CE-6E01-4C76-BB49-D5C68EB805F6}"
EndProject
Project("{2150E333-8FDC-42A3-9474-1A3956D46DE8}") = "Building Blocks", "Building Blocks", "{E4AC6DDE-4815-4FEC-A5D2-F0E19E5E3AC6}"
EndProject
Project("{2150E333-8FDC-42A3-9474-1A3956D46DE8}") = "Web", "Web", "{4A99F84E-901B-45A2-A81D-62684232ECD7}"
EndProject
Project("{2150E333-8FDC-42A3-9474-1A3956D46DE8}") = "Services", "Services", "{342E12D3-B434-4F12-A61F-EAB61AE03682}"
EndProject
Project("{2150E333-8FDC-42A3-9474-1A3956D46DE8}") = "Identity", "Identity", "{EF55743B-AA38-44D2-9CC6-916522321B73}"
EndProject
Project("{9A19103F-16F7-4668-BE54-9A1E7A4F7556}") = "NSE.Identity.API", "src\Services\NSE.Identity.API\NSE.Identity.API.csproj", "{6CE2237D-44D8-48B1-9BC6-D64E2DC8B208}"
EndProject
Project("{2150E333-8FDC-42A3-9474-1A3956D46DE8}") = "MVC", "MVC", "{C3E014BD-01CC-42C8-9681-83D64AD81513}"
EndProject
Project("{9A19103F-16F7-4668-BE54-9A1E7A4F7556}") = "NSE.WebApp.MVC", "src\Web\NSE.WebApp.MVC\NSE.WebApp.MVC.csproj", "{8CAAB7B8-3CEB-4502-B8B1-D357A9DC24C2}"
EndProject
Project("{2150E333-8FDC-42A3-9474-1A3956D46DE8}") = "Core", "Core", "{72479635-482E-434F-92C2-44296EF22B26}"
EndProject
Project("{FAE04EC0-301F-11D3-BF4B-00C04F79EFBC}") = "NSE.Core", "src\Building Blocks\NSE.Core\NSE.Core.csproj", "{8AF28804-5B60-42B9-AA56-88DB5CC15EB6}"
EndProject
Project("{2150E333-8FDC-42A3-9474-1A3956D46DE8}") = "Cart", "Cart", "{6E74CCD5-096D-482E-A146-EE6FF63FB53A}"
EndProject
Project("{2150E333-8FDC-42A3-9474-1A3956D46DE8}") = "Order", "Order", "{0977E8BB-E1CF-4D27-BABF-20903C351E48}"
EndProject
Project("{2150E333-8FDC-42A3-9474-1A3956D46DE8}") = "Payment", "Payment", "{2BF397BE-8A90-4FED-9812-DAB0B8AD0EBA}"
EndProject
Project("{2150E333-8FDC-42A3-9474-1A3956D46DE8}") = "Client", "Client", "{AD9407D9-0443-483C-8FE0-E2D75623675A}"
EndProject
Project("{2150E333-8FDC-42A3-9474-1A3956D46DE8}") = "Catalog", "Catalog", "{3062A6E5-5969-4FB0-9458-88B2A38C8FD5}"
EndProject
Project("{FAE04EC0-301F-11D3-BF4B-00C04F79EFBC}") = "NSE.Cart.API", "src\Services\NSE.Cart.API\NSE.Cart.API.csproj", "{3DDC3817-BC1F-4E41-8FBD-EB36A853EC88}"
EndProject
Project("{FAE04EC0-301F-11D3-BF4B-00C04F79EFBC}") = "NSE.Catalog.API", "src\Services\NSE.Catalog.API\NSE.Catalog.API.csproj", "{67446E23-A3C0-4EA9-AE64-496421B3B9D4}"
EndProject
Project("{FAE04EC0-301F-11D3-BF4B-00C04F79EFBC}") = "NSE.Client.API", "src\Services\NSE.Client.API\NSE.Client.API.csproj", "{36EEFCD8-A3BE-47C3-ADB7-39C8D6020EE0}"
EndProject
Project("{FAE04EC0-301F-11D3-BF4B-00C04F79EFBC}") = "NSE.Order.API", "src\Services\NSE.Order.API\NSE.Order.API.csproj", "{F585B153-12AE-4CA0-92BF-164E279206D6}"
EndProject
Project("{FAE04EC0-301F-11D3-BF4B-00C04F79EFBC}") = "NSE.Payment.API", "src\Services\NSE.Payment.API\NSE.Payment.API.csproj", "{72FAB007-84B1-4291-976D-6A8F399AED63}"
EndProject
Global
	GlobalSection(SolutionConfigurationPlatforms) = preSolution
		Debug|Any CPU = Debug|Any CPU
		Release|Any CPU = Release|Any CPU
	EndGlobalSection
	GlobalSection(ProjectConfigurationPlatforms) = postSolution
		{6CE2237D-44D8-48B1-9BC6-D64E2DC8B208}.Debug|Any CPU.ActiveCfg = Debug|Any CPU
		{6CE2237D-44D8-48B1-9BC6-D64E2DC8B208}.Debug|Any CPU.Build.0 = Debug|Any CPU
		{6CE2237D-44D8-48B1-9BC6-D64E2DC8B208}.Release|Any CPU.ActiveCfg = Release|Any CPU
		{6CE2237D-44D8-48B1-9BC6-D64E2DC8B208}.Release|Any CPU.Build.0 = Release|Any CPU
		{8CAAB7B8-3CEB-4502-B8B1-D357A9DC24C2}.Debug|Any CPU.ActiveCfg = Debug|Any CPU
		{8CAAB7B8-3CEB-4502-B8B1-D357A9DC24C2}.Debug|Any CPU.Build.0 = Debug|Any CPU
		{8CAAB7B8-3CEB-4502-B8B1-D357A9DC24C2}.Release|Any CPU.ActiveCfg = Release|Any CPU
		{8CAAB7B8-3CEB-4502-B8B1-D357A9DC24C2}.Release|Any CPU.Build.0 = Release|Any CPU
		{8AF28804-5B60-42B9-AA56-88DB5CC15EB6}.Debug|Any CPU.ActiveCfg = Debug|Any CPU
		{8AF28804-5B60-42B9-AA56-88DB5CC15EB6}.Debug|Any CPU.Build.0 = Debug|Any CPU
		{8AF28804-5B60-42B9-AA56-88DB5CC15EB6}.Release|Any CPU.ActiveCfg = Release|Any CPU
		{8AF28804-5B60-42B9-AA56-88DB5CC15EB6}.Release|Any CPU.Build.0 = Release|Any CPU
		{3DDC3817-BC1F-4E41-8FBD-EB36A853EC88}.Debug|Any CPU.ActiveCfg = Debug|Any CPU
		{3DDC3817-BC1F-4E41-8FBD-EB36A853EC88}.Debug|Any CPU.Build.0 = Debug|Any CPU
		{3DDC3817-BC1F-4E41-8FBD-EB36A853EC88}.Release|Any CPU.ActiveCfg = Release|Any CPU
		{3DDC3817-BC1F-4E41-8FBD-EB36A853EC88}.Release|Any CPU.Build.0 = Release|Any CPU
		{67446E23-A3C0-4EA9-AE64-496421B3B9D4}.Debug|Any CPU.ActiveCfg = Debug|Any CPU
		{67446E23-A3C0-4EA9-AE64-496421B3B9D4}.Debug|Any CPU.Build.0 = Debug|Any CPU
		{67446E23-A3C0-4EA9-AE64-496421B3B9D4}.Release|Any CPU.ActiveCfg = Release|Any CPU
		{67446E23-A3C0-4EA9-AE64-496421B3B9D4}.Release|Any CPU.Build.0 = Release|Any CPU
		{36EEFCD8-A3BE-47C3-ADB7-39C8D6020EE0}.Debug|Any CPU.ActiveCfg = Debug|Any CPU
		{36EEFCD8-A3BE-47C3-ADB7-39C8D6020EE0}.Debug|Any CPU.Build.0 = Debug|Any CPU
		{36EEFCD8-A3BE-47C3-ADB7-39C8D6020EE0}.Release|Any CPU.ActiveCfg = Release|Any CPU
		{36EEFCD8-A3BE-47C3-ADB7-39C8D6020EE0}.Release|Any CPU.Build.0 = Release|Any CPU
		{F585B153-12AE-4CA0-92BF-164E279206D6}.Debug|Any CPU.ActiveCfg = Debug|Any CPU
		{F585B153-12AE-4CA0-92BF-164E279206D6}.Debug|Any CPU.Build.0 = Debug|Any CPU
		{F585B153-12AE-4CA0-92BF-164E279206D6}.Release|Any CPU.ActiveCfg = Release|Any CPU
		{F585B153-12AE-4CA0-92BF-164E279206D6}.Release|Any CPU.Build.0 = Release|Any CPU
		{72FAB007-84B1-4291-976D-6A8F399AED63}.Debug|Any CPU.ActiveCfg = Debug|Any CPU
		{72FAB007-84B1-4291-976D-6A8F399AED63}.Debug|Any CPU.Build.0 = Debug|Any CPU
		{72FAB007-84B1-4291-976D-6A8F399AED63}.Release|Any CPU.ActiveCfg = Release|Any CPU
		{72FAB007-84B1-4291-976D-6A8F399AED63}.Release|Any CPU.Build.0 = Release|Any CPU
	EndGlobalSection
	GlobalSection(SolutionProperties) = preSolution
		HideSolutionNode = FALSE
	EndGlobalSection
	GlobalSection(NestedProjects) = preSolution
		{E4AC6DDE-4815-4FEC-A5D2-F0E19E5E3AC6} = {C6CAC5CE-6E01-4C76-BB49-D5C68EB805F6}
		{4A99F84E-901B-45A2-A81D-62684232ECD7} = {C6CAC5CE-6E01-4C76-BB49-D5C68EB805F6}
		{342E12D3-B434-4F12-A61F-EAB61AE03682} = {C6CAC5CE-6E01-4C76-BB49-D5C68EB805F6}
		{EF55743B-AA38-44D2-9CC6-916522321B73} = {342E12D3-B434-4F12-A61F-EAB61AE03682}
		{6CE2237D-44D8-48B1-9BC6-D64E2DC8B208} = {EF55743B-AA38-44D2-9CC6-916522321B73}
		{C3E014BD-01CC-42C8-9681-83D64AD81513} = {4A99F84E-901B-45A2-A81D-62684232ECD7}
		{8CAAB7B8-3CEB-4502-B8B1-D357A9DC24C2} = {C3E014BD-01CC-42C8-9681-83D64AD81513}
		{72479635-482E-434F-92C2-44296EF22B26} = {E4AC6DDE-4815-4FEC-A5D2-F0E19E5E3AC6}
		{8AF28804-5B60-42B9-AA56-88DB5CC15EB6} = {72479635-482E-434F-92C2-44296EF22B26}
		{6E74CCD5-096D-482E-A146-EE6FF63FB53A} = {342E12D3-B434-4F12-A61F-EAB61AE03682}
		{0977E8BB-E1CF-4D27-BABF-20903C351E48} = {342E12D3-B434-4F12-A61F-EAB61AE03682}
		{2BF397BE-8A90-4FED-9812-DAB0B8AD0EBA} = {342E12D3-B434-4F12-A61F-EAB61AE03682}
		{AD9407D9-0443-483C-8FE0-E2D75623675A} = {342E12D3-B434-4F12-A61F-EAB61AE03682}
		{3062A6E5-5969-4FB0-9458-88B2A38C8FD5} = {342E12D3-B434-4F12-A61F-EAB61AE03682}
		{3DDC3817-BC1F-4E41-8FBD-EB36A853EC88} = {6E74CCD5-096D-482E-A146-EE6FF63FB53A}
		{67446E23-A3C0-4EA9-AE64-496421B3B9D4} = {3062A6E5-5969-4FB0-9458-88B2A38C8FD5}
		{36EEFCD8-A3BE-47C3-ADB7-39C8D6020EE0} = {AD9407D9-0443-483C-8FE0-E2D75623675A}
		{F585B153-12AE-4CA0-92BF-164E279206D6} = {0977E8BB-E1CF-4D27-BABF-20903C351E48}
		{72FAB007-84B1-4291-976D-6A8F399AED63} = {2BF397BE-8A90-4FED-9812-DAB0B8AD0EBA}
	EndGlobalSection
	GlobalSection(ExtensibilityGlobals) = postSolution
		SolutionGuid = {FDC932F1-00C6-4F24-86D7-5E4D61B0820E}
	EndGlobalSection
EndGlobal
